
Microsoft Visual Studio Solution File, Format Version 12.00
# Visual Studio Version 17
VisualStudioVersion = 17.0.31606.5
MinimumVisualStudioVersion = 10.0.40219.1
Project("{2150E333-8FDC-42A3-9474-1A3956D46DE8}") = "Server", "Server", "{C9349E44-BE68-405E-8185-9B88D169AED2}"
EndProject
Project("{2150E333-8FDC-42A3-9474-1A3956D46DE8}") = "src", "src", "{95A8F840-801E-4A8C-A49C-E0FB26F0A52D}"
EndProject
Project("{2150E333-8FDC-42A3-9474-1A3956D46DE8}") = "Users", "Users", "{7CCD1663-4FA1-4079-BB6B-D4A4B46AE0D8}"
EndProject
Project("{2150E333-8FDC-42A3-9474-1A3956D46DE8}") = "Todos", "Todos", "{86293E99-72AB-466A-AD1C-CD914603D08B}"
EndProject
Project("{2150E333-8FDC-42A3-9474-1A3956D46DE8}") = "Api", "Api", "{DBAA0A5D-C58E-45E3-9706-15C81402729F}"
EndProject
Project("{9A19103F-16F7-4668-BE54-9A1E7A4F7556}") = "CA.Api", "Server\src\Api\CA.Api\CA.Api.csproj", "{E2682D4D-DD4D-4C8E-8FA9-81E2C2947281}"
EndProject
Project("{2150E333-8FDC-42A3-9474-1A3956D46DE8}") = "SharedKernel", "SharedKernel", "{D9E3B501-84F8-4E14-A681-BB46CC50D1CE}"
EndProject
Project("{9A19103F-16F7-4668-BE54-9A1E7A4F7556}") = "CA.SharedKernel.Domain", "Server\src\SharedKernel\CA.SharedKernel.Domain\CA.SharedKernel.Domain.csproj", "{E1E85623-BDC4-481E-9EDD-04DE65EE634C}"
EndProject
Project("{9A19103F-16F7-4668-BE54-9A1E7A4F7556}") = "CA.SharedKernel.Infrastructure", "Server\src\SharedKernel\CA.SharedKernel.Infrastructure\CA.SharedKernel.Infrastructure.csproj", "{944A6FAE-85E6-4B27-9464-4F5301269633}"
EndProject
Project("{9A19103F-16F7-4668-BE54-9A1E7A4F7556}") = "CA.Todos.Domain", "Server\src\Todos\CA.Todos.Domain\CA.Todos.Domain.csproj", "{84ED8463-24EB-42BE-96E0-59AEB362D4CB}"
EndProject
Project("{9A19103F-16F7-4668-BE54-9A1E7A4F7556}") = "CA.SharedKernel.Application", "Server\src\SharedKernel\CA.SharedKernel.Application\CA.SharedKernel.Application.csproj", "{FA245C61-36F7-4434-9F45-38618172EA76}"
EndProject
Project("{9A19103F-16F7-4668-BE54-9A1E7A4F7556}") = "CA.Todos.Application", "Server\src\Todos\CA.Todos.Application\CA.Todos.Application\CA.Todos.Application.csproj", "{162B1BAB-8DF8-48BF-996F-693A85ABC2B0}"
EndProject
Project("{FAE04EC0-301F-11D3-BF4B-00C04F79EFBC}") = "CA.Todos.Infrastructure", "Server\src\Todos\CA.Todos.Infrastructure\CA.Todos.Infrastructure.csproj", "{7D2C2F28-7497-45F0-9B56-EE08D1D55CB7}"
EndProject
Project("{FAE04EC0-301F-11D3-BF4B-00C04F79EFBC}") = "CA.Users.Infrastructure", "Server\src\Users\CA.Users.Infrastructure\CA.Users.Infrastructure.csproj", "{CE3DFA61-B81E-4E1D-BA74-C523DB88725D}"
EndProject
Project("{FAE04EC0-301F-11D3-BF4B-00C04F79EFBC}") = "CA.Users.Domain", "Server\src\Users\CA.Users.Domain\CA.Users.Domain.csproj", "{7EBCCA91-991A-4978-9FD3-16D4F967389C}"
EndProject
Global
	GlobalSection(SolutionConfigurationPlatforms) = preSolution
		Debug|Any CPU = Debug|Any CPU
		Release|Any CPU = Release|Any CPU
	EndGlobalSection
	GlobalSection(ProjectConfigurationPlatforms) = postSolution
		{E2682D4D-DD4D-4C8E-8FA9-81E2C2947281}.Debug|Any CPU.ActiveCfg = Debug|Any CPU
		{E2682D4D-DD4D-4C8E-8FA9-81E2C2947281}.Debug|Any CPU.Build.0 = Debug|Any CPU
		{E2682D4D-DD4D-4C8E-8FA9-81E2C2947281}.Release|Any CPU.ActiveCfg = Release|Any CPU
		{E2682D4D-DD4D-4C8E-8FA9-81E2C2947281}.Release|Any CPU.Build.0 = Release|Any CPU
		{E1E85623-BDC4-481E-9EDD-04DE65EE634C}.Debug|Any CPU.ActiveCfg = Debug|Any CPU
		{E1E85623-BDC4-481E-9EDD-04DE65EE634C}.Debug|Any CPU.Build.0 = Debug|Any CPU
		{E1E85623-BDC4-481E-9EDD-04DE65EE634C}.Release|Any CPU.ActiveCfg = Release|Any CPU
		{E1E85623-BDC4-481E-9EDD-04DE65EE634C}.Release|Any CPU.Build.0 = Release|Any CPU
		{944A6FAE-85E6-4B27-9464-4F5301269633}.Debug|Any CPU.ActiveCfg = Debug|Any CPU
		{944A6FAE-85E6-4B27-9464-4F5301269633}.Debug|Any CPU.Build.0 = Debug|Any CPU
		{944A6FAE-85E6-4B27-9464-4F5301269633}.Release|Any CPU.ActiveCfg = Release|Any CPU
		{944A6FAE-85E6-4B27-9464-4F5301269633}.Release|Any CPU.Build.0 = Release|Any CPU
		{84ED8463-24EB-42BE-96E0-59AEB362D4CB}.Debug|Any CPU.ActiveCfg = Debug|Any CPU
		{84ED8463-24EB-42BE-96E0-59AEB362D4CB}.Debug|Any CPU.Build.0 = Debug|Any CPU
		{84ED8463-24EB-42BE-96E0-59AEB362D4CB}.Release|Any CPU.ActiveCfg = Release|Any CPU
		{84ED8463-24EB-42BE-96E0-59AEB362D4CB}.Release|Any CPU.Build.0 = Release|Any CPU
		{FA245C61-36F7-4434-9F45-38618172EA76}.Debug|Any CPU.ActiveCfg = Debug|Any CPU
		{FA245C61-36F7-4434-9F45-38618172EA76}.Debug|Any CPU.Build.0 = Debug|Any CPU
		{FA245C61-36F7-4434-9F45-38618172EA76}.Release|Any CPU.ActiveCfg = Release|Any CPU
		{FA245C61-36F7-4434-9F45-38618172EA76}.Release|Any CPU.Build.0 = Release|Any CPU
		{162B1BAB-8DF8-48BF-996F-693A85ABC2B0}.Debug|Any CPU.ActiveCfg = Debug|Any CPU
		{162B1BAB-8DF8-48BF-996F-693A85ABC2B0}.Debug|Any CPU.Build.0 = Debug|Any CPU
		{162B1BAB-8DF8-48BF-996F-693A85ABC2B0}.Release|Any CPU.ActiveCfg = Release|Any CPU
		{162B1BAB-8DF8-48BF-996F-693A85ABC2B0}.Release|Any CPU.Build.0 = Release|Any CPU
		{7D2C2F28-7497-45F0-9B56-EE08D1D55CB7}.Debug|Any CPU.ActiveCfg = Debug|Any CPU
		{7D2C2F28-7497-45F0-9B56-EE08D1D55CB7}.Debug|Any CPU.Build.0 = Debug|Any CPU
		{7D2C2F28-7497-45F0-9B56-EE08D1D55CB7}.Release|Any CPU.ActiveCfg = Release|Any CPU
		{7D2C2F28-7497-45F0-9B56-EE08D1D55CB7}.Release|Any CPU.Build.0 = Release|Any CPU
		{CE3DFA61-B81E-4E1D-BA74-C523DB88725D}.Debug|Any CPU.ActiveCfg = Debug|Any CPU
		{CE3DFA61-B81E-4E1D-BA74-C523DB88725D}.Debug|Any CPU.Build.0 = Debug|Any CPU
		{CE3DFA61-B81E-4E1D-BA74-C523DB88725D}.Release|Any CPU.ActiveCfg = Release|Any CPU
		{CE3DFA61-B81E-4E1D-BA74-C523DB88725D}.Release|Any CPU.Build.0 = Release|Any CPU
		{7EBCCA91-991A-4978-9FD3-16D4F967389C}.Debug|Any CPU.ActiveCfg = Debug|Any CPU
		{7EBCCA91-991A-4978-9FD3-16D4F967389C}.Debug|Any CPU.Build.0 = Debug|Any CPU
		{7EBCCA91-991A-4978-9FD3-16D4F967389C}.Release|Any CPU.ActiveCfg = Release|Any CPU
		{7EBCCA91-991A-4978-9FD3-16D4F967389C}.Release|Any CPU.Build.0 = Release|Any CPU
	EndGlobalSection
	GlobalSection(SolutionProperties) = preSolution
		HideSolutionNode = FALSE
	EndGlobalSection
	GlobalSection(NestedProjects) = preSolution
		{95A8F840-801E-4A8C-A49C-E0FB26F0A52D} = {C9349E44-BE68-405E-8185-9B88D169AED2}
		{7CCD1663-4FA1-4079-BB6B-D4A4B46AE0D8} = {95A8F840-801E-4A8C-A49C-E0FB26F0A52D}
		{86293E99-72AB-466A-AD1C-CD914603D08B} = {95A8F840-801E-4A8C-A49C-E0FB26F0A52D}
		{DBAA0A5D-C58E-45E3-9706-15C81402729F} = {95A8F840-801E-4A8C-A49C-E0FB26F0A52D}
		{E2682D4D-DD4D-4C8E-8FA9-81E2C2947281} = {DBAA0A5D-C58E-45E3-9706-15C81402729F}
		{D9E3B501-84F8-4E14-A681-BB46CC50D1CE} = {95A8F840-801E-4A8C-A49C-E0FB26F0A52D}
		{E1E85623-BDC4-481E-9EDD-04DE65EE634C} = {D9E3B501-84F8-4E14-A681-BB46CC50D1CE}
		{944A6FAE-85E6-4B27-9464-4F5301269633} = {D9E3B501-84F8-4E14-A681-BB46CC50D1CE}
		{84ED8463-24EB-42BE-96E0-59AEB362D4CB} = {86293E99-72AB-466A-AD1C-CD914603D08B}
		{FA245C61-36F7-4434-9F45-38618172EA76} = {D9E3B501-84F8-4E14-A681-BB46CC50D1CE}
		{162B1BAB-8DF8-48BF-996F-693A85ABC2B0} = {86293E99-72AB-466A-AD1C-CD914603D08B}
		{7D2C2F28-7497-45F0-9B56-EE08D1D55CB7} = {86293E99-72AB-466A-AD1C-CD914603D08B}
		{CE3DFA61-B81E-4E1D-BA74-C523DB88725D} = {7CCD1663-4FA1-4079-BB6B-D4A4B46AE0D8}
		{7EBCCA91-991A-4978-9FD3-16D4F967389C} = {7CCD1663-4FA1-4079-BB6B-D4A4B46AE0D8}
	EndGlobalSection
	GlobalSection(ExtensibilityGlobals) = postSolution
		SolutionGuid = {438E6D07-6C2E-4AFE-BC9F-9C98D95D332D}
	EndGlobalSection
EndGlobal
