
Microsoft Visual Studio Solution File, Format Version 12.00
# Visual Studio Version 17
VisualStudioVersion = 17.0.31903.59
MinimumVisualStudioVersion = 10.0.40219.1
Project("{2150E333-8FDC-42A3-9474-1A3956D46DE8}") = "ApiGateway", "ApiGateway", "{61106E88-E445-4E3E-A623-2647770C005D}"
EndProject
Project("{2150E333-8FDC-42A3-9474-1A3956D46DE8}") = "src", "src", "{A5084F8E-F2B6-4215-BAE2-7D11CB97628A}"
EndProject
Project("{2150E333-8FDC-42A3-9474-1A3956D46DE8}") = "SharedKernel", "SharedKernel", "{49447A9A-02AD-4096-A1E1-A093FE16EF59}"
EndProject
Project("{2150E333-8FDC-42A3-9474-1A3956D46DE8}") = "Todos", "Todos", "{82664166-F696-40E0-A0A9-7E5534D8932D}"
EndProject
Project("{2150E333-8FDC-42A3-9474-1A3956D46DE8}") = "Users", "Users", "{038B0719-279C-4593-825C-1CE1A50A79C8}"
EndProject
Project("{9A19103F-16F7-4668-BE54-9A1E7A4F7556}") = "CA.ApiGateway", "src\ApiGateway\CA.ApiGateway\CA.ApiGateway.csproj", "{EDA9A88E-768F-4D61-8C1A-BA68A3577D11}"
EndProject
Project("{9A19103F-16F7-4668-BE54-9A1E7A4F7556}") = "CA.SharedKernel.Application", "src\SharedKernel\CA.SharedKernel.Application\CA.SharedKernel.Application.csproj", "{2E7A4645-7578-41F4-A253-E5049B9E6F24}"
EndProject
Project("{9A19103F-16F7-4668-BE54-9A1E7A4F7556}") = "CA.SharedKernel.Domain", "src\SharedKernel\CA.SharedKernel.Domain\CA.SharedKernel.Domain.csproj", "{F973540A-1CD9-4313-B0D7-EE35153D47A5}"
EndProject
Project("{9A19103F-16F7-4668-BE54-9A1E7A4F7556}") = "CA.SharedKernel.Infrastructure", "src\SharedKernel\CA.SharedKernel.Infrastructure\CA.SharedKernel.Infrastructure.csproj", "{AE0C4E4D-3AB2-4A09-88EE-491E4AA32A37}"
EndProject
Project("{9A19103F-16F7-4668-BE54-9A1E7A4F7556}") = "CA.Todos.Api", "src\Todos\CA.Todos.Api\CA.Todos.Api.csproj", "{3AB79E0F-75DE-4C07-A0A0-BF87A7865A5C}"
EndProject
Project("{9A19103F-16F7-4668-BE54-9A1E7A4F7556}") = "CA.Todos.Application", "src\Todos\CA.Todos.Application\CA.Todos.Application.csproj", "{1BF072D5-1213-4B6E-AB0E-D4D4C4B969AB}"
EndProject
Project("{9A19103F-16F7-4668-BE54-9A1E7A4F7556}") = "CA.Todos.Domain", "src\Todos\CA.Todos.Domain\CA.Todos.Domain.csproj", "{EA7D2703-8383-45CE-BF26-69B58ACD8521}"
EndProject
Project("{9A19103F-16F7-4668-BE54-9A1E7A4F7556}") = "CA.Todos.Infrastructure", "src\Todos\CA.Todos.Infrastructure\CA.Todos.Infrastructure.csproj", "{31CCBF0D-B739-4A21-B59F-11A7BF25CBED}"
EndProject
Project("{9A19103F-16F7-4668-BE54-9A1E7A4F7556}") = "CA.Users.Domain", "src\Users\CA.Users.Domain\CA.Users.Domain.csproj", "{2E7AA671-F582-4B59-80EF-2FB210464F88}"
EndProject
Project("{9A19103F-16F7-4668-BE54-9A1E7A4F7556}") = "CA.Users.Infrastructure", "src\Users\CA.Users.Infrastructure\CA.Users.Infrastructure.csproj", "{7B494612-1884-40E4-8127-870FA358ACB9}"
EndProject
Global
	GlobalSection(SolutionConfigurationPlatforms) = preSolution
		Debug|Any CPU = Debug|Any CPU
		Release|Any CPU = Release|Any CPU
	EndGlobalSection
	GlobalSection(ProjectConfigurationPlatforms) = postSolution
		{EDA9A88E-768F-4D61-8C1A-BA68A3577D11}.Debug|Any CPU.ActiveCfg = Debug|Any CPU
		{EDA9A88E-768F-4D61-8C1A-BA68A3577D11}.Debug|Any CPU.Build.0 = Debug|Any CPU
		{EDA9A88E-768F-4D61-8C1A-BA68A3577D11}.Release|Any CPU.ActiveCfg = Release|Any CPU
		{EDA9A88E-768F-4D61-8C1A-BA68A3577D11}.Release|Any CPU.Build.0 = Release|Any CPU
		{2E7A4645-7578-41F4-A253-E5049B9E6F24}.Debug|Any CPU.ActiveCfg = Debug|Any CPU
		{2E7A4645-7578-41F4-A253-E5049B9E6F24}.Debug|Any CPU.Build.0 = Debug|Any CPU
		{2E7A4645-7578-41F4-A253-E5049B9E6F24}.Release|Any CPU.ActiveCfg = Release|Any CPU
		{2E7A4645-7578-41F4-A253-E5049B9E6F24}.Release|Any CPU.Build.0 = Release|Any CPU
		{F973540A-1CD9-4313-B0D7-EE35153D47A5}.Debug|Any CPU.ActiveCfg = Debug|Any CPU
		{F973540A-1CD9-4313-B0D7-EE35153D47A5}.Debug|Any CPU.Build.0 = Debug|Any CPU
		{F973540A-1CD9-4313-B0D7-EE35153D47A5}.Release|Any CPU.ActiveCfg = Release|Any CPU
		{F973540A-1CD9-4313-B0D7-EE35153D47A5}.Release|Any CPU.Build.0 = Release|Any CPU
		{AE0C4E4D-3AB2-4A09-88EE-491E4AA32A37}.Debug|Any CPU.ActiveCfg = Debug|Any CPU
		{AE0C4E4D-3AB2-4A09-88EE-491E4AA32A37}.Debug|Any CPU.Build.0 = Debug|Any CPU
		{AE0C4E4D-3AB2-4A09-88EE-491E4AA32A37}.Release|Any CPU.ActiveCfg = Release|Any CPU
		{AE0C4E4D-3AB2-4A09-88EE-491E4AA32A37}.Release|Any CPU.Build.0 = Release|Any CPU
		{3AB79E0F-75DE-4C07-A0A0-BF87A7865A5C}.Debug|Any CPU.ActiveCfg = Debug|Any CPU
		{3AB79E0F-75DE-4C07-A0A0-BF87A7865A5C}.Debug|Any CPU.Build.0 = Debug|Any CPU
		{3AB79E0F-75DE-4C07-A0A0-BF87A7865A5C}.Release|Any CPU.ActiveCfg = Release|Any CPU
		{3AB79E0F-75DE-4C07-A0A0-BF87A7865A5C}.Release|Any CPU.Build.0 = Release|Any CPU
		{1BF072D5-1213-4B6E-AB0E-D4D4C4B969AB}.Debug|Any CPU.ActiveCfg = Debug|Any CPU
		{1BF072D5-1213-4B6E-AB0E-D4D4C4B969AB}.Debug|Any CPU.Build.0 = Debug|Any CPU
		{1BF072D5-1213-4B6E-AB0E-D4D4C4B969AB}.Release|Any CPU.ActiveCfg = Release|Any CPU
		{1BF072D5-1213-4B6E-AB0E-D4D4C4B969AB}.Release|Any CPU.Build.0 = Release|Any CPU
		{EA7D2703-8383-45CE-BF26-69B58ACD8521}.Debug|Any CPU.ActiveCfg = Debug|Any CPU
		{EA7D2703-8383-45CE-BF26-69B58ACD8521}.Debug|Any CPU.Build.0 = Debug|Any CPU
		{EA7D2703-8383-45CE-BF26-69B58ACD8521}.Release|Any CPU.ActiveCfg = Release|Any CPU
		{EA7D2703-8383-45CE-BF26-69B58ACD8521}.Release|Any CPU.Build.0 = Release|Any CPU
		{31CCBF0D-B739-4A21-B59F-11A7BF25CBED}.Debug|Any CPU.ActiveCfg = Debug|Any CPU
		{31CCBF0D-B739-4A21-B59F-11A7BF25CBED}.Debug|Any CPU.Build.0 = Debug|Any CPU
		{31CCBF0D-B739-4A21-B59F-11A7BF25CBED}.Release|Any CPU.ActiveCfg = Release|Any CPU
		{31CCBF0D-B739-4A21-B59F-11A7BF25CBED}.Release|Any CPU.Build.0 = Release|Any CPU
		{2E7AA671-F582-4B59-80EF-2FB210464F88}.Debug|Any CPU.ActiveCfg = Debug|Any CPU
		{2E7AA671-F582-4B59-80EF-2FB210464F88}.Debug|Any CPU.Build.0 = Debug|Any CPU
		{2E7AA671-F582-4B59-80EF-2FB210464F88}.Release|Any CPU.ActiveCfg = Release|Any CPU
		{2E7AA671-F582-4B59-80EF-2FB210464F88}.Release|Any CPU.Build.0 = Release|Any CPU
		{7B494612-1884-40E4-8127-870FA358ACB9}.Debug|Any CPU.ActiveCfg = Debug|Any CPU
		{7B494612-1884-40E4-8127-870FA358ACB9}.Debug|Any CPU.Build.0 = Debug|Any CPU
		{7B494612-1884-40E4-8127-870FA358ACB9}.Release|Any CPU.ActiveCfg = Release|Any CPU
		{7B494612-1884-40E4-8127-870FA358ACB9}.Release|Any CPU.Build.0 = Release|Any CPU
	EndGlobalSection
	GlobalSection(SolutionProperties) = preSolution
		HideSolutionNode = FALSE
	EndGlobalSection
	GlobalSection(NestedProjects) = preSolution
		{61106E88-E445-4E3E-A623-2647770C005D} = {A5084F8E-F2B6-4215-BAE2-7D11CB97628A}
		{49447A9A-02AD-4096-A1E1-A093FE16EF59} = {A5084F8E-F2B6-4215-BAE2-7D11CB97628A}
		{82664166-F696-40E0-A0A9-7E5534D8932D} = {A5084F8E-F2B6-4215-BAE2-7D11CB97628A}
		{038B0719-279C-4593-825C-1CE1A50A79C8} = {A5084F8E-F2B6-4215-BAE2-7D11CB97628A}
		{EDA9A88E-768F-4D61-8C1A-BA68A3577D11} = {61106E88-E445-4E3E-A623-2647770C005D}
		{2E7A4645-7578-41F4-A253-E5049B9E6F24} = {49447A9A-02AD-4096-A1E1-A093FE16EF59}
		{F973540A-1CD9-4313-B0D7-EE35153D47A5} = {49447A9A-02AD-4096-A1E1-A093FE16EF59}
		{AE0C4E4D-3AB2-4A09-88EE-491E4AA32A37} = {49447A9A-02AD-4096-A1E1-A093FE16EF59}
		{3AB79E0F-75DE-4C07-A0A0-BF87A7865A5C} = {82664166-F696-40E0-A0A9-7E5534D8932D}
		{1BF072D5-1213-4B6E-AB0E-D4D4C4B969AB} = {82664166-F696-40E0-A0A9-7E5534D8932D}
		{EA7D2703-8383-45CE-BF26-69B58ACD8521} = {82664166-F696-40E0-A0A9-7E5534D8932D}
		{31CCBF0D-B739-4A21-B59F-11A7BF25CBED} = {82664166-F696-40E0-A0A9-7E5534D8932D}
		{2E7AA671-F582-4B59-80EF-2FB210464F88} = {038B0719-279C-4593-825C-1CE1A50A79C8}
		{7B494612-1884-40E4-8127-870FA358ACB9} = {038B0719-279C-4593-825C-1CE1A50A79C8}
	EndGlobalSection
	GlobalSection(ExtensibilityGlobals) = postSolution
		SolutionGuid = {E654D897-D922-4E45-83EB-9012C2192CCB}
	EndGlobalSection
EndGlobal
